
Microsoft Visual Studio Solution File, Format Version 12.00
# Visual Studio Version 17
VisualStudioVersion = 17.0.32126.317
MinimumVisualStudioVersion = 10.0.40219.1
Project("{FAE04EC0-301F-11D3-BF4B-00C04F79EFBC}") = "List", "List\List.csproj", "{6046CE74-77D6-4B8A-A456-FB8B7FD385EF}"
EndProject
Global
	GlobalSection(SolutionConfigurationPlatforms) = preSolution
		Debug|Any CPU = Debug|Any CPU
		Release|Any CPU = Release|Any CPU
	EndGlobalSection
	GlobalSection(ProjectConfigurationPlatforms) = postSolution
		{6046CE74-77D6-4B8A-A456-FB8B7FD385EF}.Debug|Any CPU.ActiveCfg = Debug|Any CPU
		{6046CE74-77D6-4B8A-A456-FB8B7FD385EF}.Debug|Any CPU.Build.0 = Debug|Any CPU
		{6046CE74-77D6-4B8A-A456-FB8B7FD385EF}.Release|Any CPU.ActiveCfg = Release|Any CPU
		{6046CE74-77D6-4B8A-A456-FB8B7FD385EF}.Release|Any CPU.Build.0 = Release|Any CPU
	EndGlobalSection
	GlobalSection(SolutionProperties) = preSolution
		HideSolutionNode = FALSE
	EndGlobalSection
	GlobalSection(ExtensibilityGlobals) = postSolution
		SolutionGuid = {189B5C57-F684-400B-9032-DB2BDFED85C3}
	EndGlobalSection
EndGlobal
