
Microsoft Visual Studio Solution File, Format Version 12.00
# Visual Studio Version 17
VisualStudioVersion = 17.0.32112.339
MinimumVisualStudioVersion = 10.0.40219.1
Project("{FAE04EC0-301F-11D3-BF4B-00C04F79EFBC}") = "CSFunProperties", "CSFunProperties.csproj", "{6602B1E6-16AE-4D8A-827D-857E96A82F00}"
EndProject
Global
	GlobalSection(SolutionConfigurationPlatforms) = preSolution
		Debug|Any CPU = Debug|Any CPU
		Release|Any CPU = Release|Any CPU
	EndGlobalSection
	GlobalSection(ProjectConfigurationPlatforms) = postSolution
		{6602B1E6-16AE-4D8A-827D-857E96A82F00}.Debug|Any CPU.ActiveCfg = Debug|Any CPU
		{6602B1E6-16AE-4D8A-827D-857E96A82F00}.Debug|Any CPU.Build.0 = Debug|Any CPU
		{6602B1E6-16AE-4D8A-827D-857E96A82F00}.Release|Any CPU.ActiveCfg = Release|Any CPU
		{6602B1E6-16AE-4D8A-827D-857E96A82F00}.Release|Any CPU.Build.0 = Release|Any CPU
	EndGlobalSection
	GlobalSection(SolutionProperties) = preSolution
		HideSolutionNode = FALSE
	EndGlobalSection
	GlobalSection(ExtensibilityGlobals) = postSolution
		SolutionGuid = {9E8BC347-8C1E-4BCC-8EF8-11D7F229C6E7}
	EndGlobalSection
EndGlobal
